
Microsoft Visual Studio Solution File, Format Version 12.00
# Visual Studio Version 17
VisualStudioVersion = 17.14.36202.13 d17.14
MinimumVisualStudioVersion = 10.0.40219.1
Project("{8BC9CEB8-8B4A-11D0-8D11-00A0C91BC942}") = "SmartComfort-PMV", "SmartComfort-PMV.vcxproj", "{5597B87C-8EF2-4B18-92D8-4CBAEC39E644}"
EndProject
Global
	GlobalSection(SolutionConfigurationPlatforms) = preSolution
		Debug|x64 = Debug|x64
		Debug|x86 = Debug|x86
		Release|x64 = Release|x64
		Release|x86 = Release|x86
	EndGlobalSection
	GlobalSection(ProjectConfigurationPlatforms) = postSolution
		{5597B87C-8EF2-4B18-92D8-4CBAEC39E644}.Debug|x64.ActiveCfg = Debug|x64
		{5597B87C-8EF2-4B18-92D8-4CBAEC39E644}.Debug|x64.Build.0 = Debug|x64
		{5597B87C-8EF2-4B18-92D8-4CBAEC39E644}.Debug|x86.ActiveCfg = Debug|Win32
		{5597B87C-8EF2-4B18-92D8-4CBAEC39E644}.Debug|x86.Build.0 = Debug|Win32
		{5597B87C-8EF2-4B18-92D8-4CBAEC39E644}.Release|x64.ActiveCfg = Release|x64
		{5597B87C-8EF2-4B18-92D8-4CBAEC39E644}.Release|x64.Build.0 = Release|x64
		{5597B87C-8EF2-4B18-92D8-4CBAEC39E644}.Release|x86.ActiveCfg = Release|Win32
		{5597B87C-8EF2-4B18-92D8-4CBAEC39E644}.Release|x86.Build.0 = Release|Win32
	EndGlobalSection
	GlobalSection(SolutionProperties) = preSolution
		HideSolutionNode = FALSE
	EndGlobalSection
	GlobalSection(ExtensibilityGlobals) = postSolution
		SolutionGuid = {E9FD14F5-7905-41DA-91B4-1069ED2E6524}
	EndGlobalSection
EndGlobal
